# THIS IS AN AUTOGENERATED FILE. DO NOT EDIT THIS FILE DIRECTLY.
# yarn lockfile v1


"@eslint/eslintrc@^1.3.0":
  version "1.3.0"
  resolved "https://registry.yarnpkg.com/@eslint/eslintrc/-/eslintrc-1.3.0.tgz#29f92c30bb3e771e4a2048c95fa6855392dfac4f"
  dependencies:
    ajv "^6.12.4"
    debug "^4.3.2"
    espree "^9.3.2"
    globals "^13.15.0"
    ignore "^5.2.0"
    import-fresh "^3.2.1"
    js-yaml "^4.1.0"
    minimatch "^3.1.2"
    strip-json-comments "^3.1.1"

"@humanwhocodes/config-array@^0.9.2":
  version "0.9.5"
  resolved "https://registry.yarnpkg.com/@humanwhocodes/config-array/-/config-array-0.9.5.tgz#2cbaf9a89460da24b5ca6531b8bbfc23e1df50c7"
  dependencies:
    "@humanwhocodes/object-schema" "^1.2.1"
    debug "^4.1.1"
    minimatch "^3.0.4"

"@humanwhocodes/object-schema@^1.2.1":
  version "1.2.1"
  resolved "https://registry.yarnpkg.com/@humanwhocodes/object-schema/-/object-schema-1.2.1.tgz#b520529ec21d8e5945a1851dfd1c32e94e39ff45"

"@types/fs-extra@^8.1.0":
  version "8.1.1"
  resolved "https://registry.yarnpkg.com/@types/fs-extra/-/fs-extra-8.1.1.tgz#1e49f22d09aa46e19b51c0b013cb63d0d923a068"
  dependencies:
    "@types/node" "*"

"@types/glob@*":
  version "7.1.3"
  resolved "https://registry.yarnpkg.com/@types/glob/-/glob-7.1.3.tgz#e6ba80f36b7daad2c685acd9266382e68985c183"
  dependencies:
    "@types/minimatch" "*"
    "@types/node" "*"

"@types/minimatch@*", "@types/minimatch@^3.0.3":
  version "3.0.4"
  resolved "https://registry.yarnpkg.com/@types/minimatch/-/minimatch-3.0.4.tgz#f0ec25dbf2f0e4b18647313ac031134ca5b24b21"

"@types/minimatch@^3.0.4":
  version "3.0.5"
  resolved "https://registry.yarnpkg.com/@types/minimatch/-/minimatch-3.0.5.tgz#1001cc5e6a3704b83c236027e77f2f58ea010f40"

"@types/node@*":
  version "15.6.0"
  resolved "https://registry.yarnpkg.com/@types/node/-/node-15.6.0.tgz#f0ddca5a61e52627c9dcb771a6039d44694597bc"

"@types/rimraf@^2.0.3":
  version "2.0.4"
  resolved "https://registry.yarnpkg.com/@types/rimraf/-/rimraf-2.0.4.tgz#403887b0b53c6100a6c35d2ab24f6ccc042fec46"
  dependencies:
    "@types/glob" "*"
    "@types/node" "*"

"@ungap/promise-all-settled@1.1.2":
  version "1.1.2"
  resolved "https://registry.yarnpkg.com/@ungap/promise-all-settled/-/promise-all-settled-1.1.2.tgz#aa58042711d6e3275dd37dc597e5d31e8c290a44"

acorn-jsx@^5.3.2:
  version "5.3.2"
  resolved "https://registry.yarnpkg.com/acorn-jsx/-/acorn-jsx-5.3.2.tgz#7ed5bb55908b3b2f1bc55c6af1653bada7f07937"

acorn@^8.7.1:
  version "8.7.1"
  resolved "https://registry.yarnpkg.com/acorn/-/acorn-8.7.1.tgz#0197122c843d1bf6d0a5e83220a788f278f63c30"

ajv@^6.10.0, ajv@^6.12.4:
  version "6.12.6"
  resolved "https://registry.yarnpkg.com/ajv/-/ajv-6.12.6.tgz#baf5a62e802b07d977034586f8c3baf5adf26df4"
  dependencies:
    fast-deep-equal "^3.1.1"
    fast-json-stable-stringify "^2.0.0"
    json-schema-traverse "^0.4.1"
    uri-js "^4.2.2"

ansi-colors@4.1.1:
  version "4.1.1"
  resolved "https://registry.yarnpkg.com/ansi-colors/-/ansi-colors-4.1.1.tgz#cbb9ae256bf750af1eab344f229aa27fe94ba348"

ansi-regex@^3.0.0:
  version "3.0.0"
  resolved "https://registry.yarnpkg.com/ansi-regex/-/ansi-regex-3.0.0.tgz#ed0317c322064f79466c02966bddb605ab37d998"

ansi-regex@^5.0.1:
  version "5.0.1"
  resolved "https://registry.yarnpkg.com/ansi-regex/-/ansi-regex-5.0.1.tgz#082cb2c89c9fe8659a311a53bd6a4dc5301db304"

ansi-styles@^4.0.0, ansi-styles@^4.1.0:
  version "4.3.0"
  resolved "https://registry.yarnpkg.com/ansi-styles/-/ansi-styles-4.3.0.tgz#edd803628ae71c04c85ae7a0906edad34b648937"
  dependencies:
    color-convert "^2.0.1"

anymatch@~3.1.1:
  version "3.1.2"
  resolved "https://registry.yarnpkg.com/anymatch/-/anymatch-3.1.2.tgz#c0557c096af32f106198f4f4e2a383537e378716"
  dependencies:
    normalize-path "^3.0.0"
    picomatch "^2.0.4"

argparse@^2.0.1:
  version "2.0.1"
  resolved "https://registry.yarnpkg.com/argparse/-/argparse-2.0.1.tgz#246f50f3ca78a3240f6c997e8a9bd1eac49e4b38"

assertion-error@^1.1.0:
  version "1.1.0"
  resolved "https://registry.yarnpkg.com/assertion-error/-/assertion-error-1.1.0.tgz#e60b6b0e8f301bd97e5375215bda406c85118c0b"

balanced-match@^1.0.0:
  version "1.0.2"
  resolved "https://registry.yarnpkg.com/balanced-match/-/balanced-match-1.0.2.tgz#e83e3a7e3f300b34cb9d87f615fa0cbf357690ee"

binary-extensions@^2.0.0:
  version "2.2.0"
  resolved "https://registry.yarnpkg.com/binary-extensions/-/binary-extensions-2.2.0.tgz#75f502eeaf9ffde42fc98829645be4ea76bd9e2d"

brace-expansion@^1.1.7:
  version "1.1.11"
  resolved "https://registry.yarnpkg.com/brace-expansion/-/brace-expansion-1.1.11.tgz#3c7fcbf529d87226f3d2f52b966ff5271eb441dd"
  dependencies:
    balanced-match "^1.0.0"
    concat-map "0.0.1"

braces@~3.0.2:
  version "3.0.2"
  resolved "https://registry.yarnpkg.com/braces/-/braces-3.0.2.tgz#3454e1a462ee8d599e236df336cd9ea4f8afe107"
  dependencies:
    fill-range "^7.0.1"

browser-stdout@1.3.1:
  version "1.3.1"
  resolved "https://registry.yarnpkg.com/browser-stdout/-/browser-stdout-1.3.1.tgz#baa559ee14ced73452229bad7326467c61fabd60"

callsites@^3.0.0:
  version "3.1.0"
  resolved "https://registry.yarnpkg.com/callsites/-/callsites-3.1.0.tgz#b3630abd8943432f54b3f0519238e33cd7df2f73"

camelcase@^6.0.0:
  version "6.2.0"
  resolved "https://registry.yarnpkg.com/camelcase/-/camelcase-6.2.0.tgz#924af881c9d525ac9d87f40d964e5cea982a1809"

chai@^4.3.6:
  version "4.3.6"
  resolved "https://registry.yarnpkg.com/chai/-/chai-4.3.6.tgz#ffe4ba2d9fa9d6680cc0b370adae709ec9011e9c"
  dependencies:
    assertion-error "^1.1.0"
    check-error "^1.0.2"
    deep-eql "^3.0.1"
    get-func-name "^2.0.0"
    loupe "^2.3.1"
    pathval "^1.1.1"
    type-detect "^4.0.5"

chalk@^4.0.0:
  version "4.1.1"
  resolved "https://registry.yarnpkg.com/chalk/-/chalk-4.1.1.tgz#c80b3fab28bf6371e6863325eee67e618b77e6ad"
  dependencies:
    ansi-styles "^4.1.0"
    supports-color "^7.1.0"

check-error@^1.0.2:
  version "1.0.2"
  resolved "https://registry.yarnpkg.com/check-error/-/check-error-1.0.2.tgz#574d312edd88bb5dd8912e9286dd6c0aed4aac82"

chokidar@3.5.1:
  version "3.5.1"
  resolved "https://registry.yarnpkg.com/chokidar/-/chokidar-3.5.1.tgz#ee9ce7bbebd2b79f49f304799d5468e31e14e68a"
  dependencies:
    anymatch "~3.1.1"
    braces "~3.0.2"
    glob-parent "~5.1.0"
    is-binary-path "~2.1.0"
    is-glob "~4.0.1"
    normalize-path "~3.0.0"
    readdirp "~3.5.0"
  optionalDependencies:
    fsevents "~2.3.1"

cliui@^7.0.2:
  version "7.0.4"
  resolved "https://registry.yarnpkg.com/cliui/-/cliui-7.0.4.tgz#a0265ee655476fc807aea9df3df8df7783808b4f"
  dependencies:
    string-width "^4.2.0"
    strip-ansi "^6.0.0"
    wrap-ansi "^7.0.0"

color-convert@^2.0.1:
  version "2.0.1"
  resolved "https://registry.yarnpkg.com/color-convert/-/color-convert-2.0.1.tgz#72d3a68d598c9bdb3af2ad1e84f21d896abd4de3"
  dependencies:
    color-name "~1.1.4"

color-name@~1.1.4:
  version "1.1.4"
  resolved "https://registry.yarnpkg.com/color-name/-/color-name-1.1.4.tgz#c2a09a87acbde69543de6f63fa3995c826c536a2"

concat-map@0.0.1:
  version "0.0.1"
  resolved "https://registry.yarnpkg.com/concat-map/-/concat-map-0.0.1.tgz#d8a96bd77fd68df7793a73036a3ba0d5405d477b"

cross-spawn@^7.0.2:
  version "7.0.3"
  resolved "https://registry.yarnpkg.com/cross-spawn/-/cross-spawn-7.0.3.tgz#f73a85b9d5d41d045551c177e2882d4ac85728a6"
  dependencies:
    path-key "^3.1.0"
    shebang-command "^2.0.0"
    which "^2.0.1"

debug@4.3.1:
  version "4.3.1"
  resolved "https://registry.yarnpkg.com/debug/-/debug-4.3.1.tgz#f0d229c505e0c6d8c49ac553d1b13dc183f6b2ee"
  dependencies:
    ms "2.1.2"

debug@^4.1.1, debug@^4.3.2, debug@^4.3.3:
  version "4.3.4"
  resolved "https://registry.yarnpkg.com/debug/-/debug-4.3.4.tgz#1319f6579357f2338d3337d2cdd4914bb5dcc865"
  dependencies:
    ms "2.1.2"

decamelize@^4.0.0:
  version "4.0.0"
  resolved "https://registry.yarnpkg.com/decamelize/-/decamelize-4.0.0.tgz#aa472d7bf660eb15f3494efd531cab7f2a709837"

deep-eql@^3.0.1:
  version "3.0.1"
  resolved "https://registry.yarnpkg.com/deep-eql/-/deep-eql-3.0.1.tgz#dfc9404400ad1c8fe023e7da1df1c147c4b444df"
  dependencies:
    type-detect "^4.0.0"

deep-is@^0.1.3:
  version "0.1.3"
  resolved "https://registry.yarnpkg.com/deep-is/-/deep-is-0.1.3.tgz#b369d6fb5dbc13eecf524f91b070feedc357cf34"

diff@5.0.0:
  version "5.0.0"
  resolved "https://registry.yarnpkg.com/diff/-/diff-5.0.0.tgz#7ed6ad76d859d030787ec35855f5b1daf31d852b"

doctrine@^3.0.0:
  version "3.0.0"
  resolved "https://registry.yarnpkg.com/doctrine/-/doctrine-3.0.0.tgz#addebead72a6574db783639dc87a121773973961"
  dependencies:
    esutils "^2.0.2"

emoji-regex@^8.0.0:
  version "8.0.0"
  resolved "https://registry.yarnpkg.com/emoji-regex/-/emoji-regex-8.0.0.tgz#e818fd69ce5ccfcb404594f842963bf53164cc37"

ensure-posix-path@^1.1.0:
  version "1.1.1"
  resolved "https://registry.yarnpkg.com/ensure-posix-path/-/ensure-posix-path-1.1.1.tgz#3c62bdb19fa4681544289edb2b382adc029179ce"

escalade@^3.1.1:
  version "3.1.1"
  resolved "https://registry.yarnpkg.com/escalade/-/escalade-3.1.1.tgz#d8cfdc7000965c5a0174b4a82eaa5c0552742e40"

escape-string-regexp@4.0.0, escape-string-regexp@^4.0.0:
  version "4.0.0"
  resolved "https://registry.yarnpkg.com/escape-string-regexp/-/escape-string-regexp-4.0.0.tgz#14ba83a5d373e3d311e5afca29cf5bfad965bf34"

eslint-scope@^7.1.1:
  version "7.1.1"
  resolved "https://registry.yarnpkg.com/eslint-scope/-/eslint-scope-7.1.1.tgz#fff34894c2f65e5226d3041ac480b4513a163642"
  dependencies:
    esrecurse "^4.3.0"
    estraverse "^5.2.0"

eslint-utils@^3.0.0:
  version "3.0.0"
  resolved "https://registry.yarnpkg.com/eslint-utils/-/eslint-utils-3.0.0.tgz#8aebaface7345bb33559db0a1f13a1d2d48c3672"
  dependencies:
    eslint-visitor-keys "^2.0.0"

eslint-visitor-keys@^2.0.0:
  version "2.1.0"
  resolved "https://registry.yarnpkg.com/eslint-visitor-keys/-/eslint-visitor-keys-2.1.0.tgz#f65328259305927392c938ed44eb0a5c9b2bd303"

eslint-visitor-keys@^3.3.0:
  version "3.3.0"
  resolved "https://registry.yarnpkg.com/eslint-visitor-keys/-/eslint-visitor-keys-3.3.0.tgz#f6480fa6b1f30efe2d1968aa8ac745b862469826"

eslint@^8.20.0:
  version "8.20.0"
  resolved "https://registry.yarnpkg.com/eslint/-/eslint-8.20.0.tgz#048ac56aa18529967da8354a478be4ec0a2bc81b"
  dependencies:
    "@eslint/eslintrc" "^1.3.0"
    "@humanwhocodes/config-array" "^0.9.2"
    ajv "^6.10.0"
    chalk "^4.0.0"
    cross-spawn "^7.0.2"
    debug "^4.3.2"
    doctrine "^3.0.0"
    escape-string-regexp "^4.0.0"
    eslint-scope "^7.1.1"
    eslint-utils "^3.0.0"
    eslint-visitor-keys "^3.3.0"
    espree "^9.3.2"
    esquery "^1.4.0"
    esutils "^2.0.2"
    fast-deep-equal "^3.1.3"
    file-entry-cache "^6.0.1"
    functional-red-black-tree "^1.0.1"
    glob-parent "^6.0.1"
    globals "^13.15.0"
    ignore "^5.2.0"
    import-fresh "^3.0.0"
    imurmurhash "^0.1.4"
    is-glob "^4.0.0"
    js-yaml "^4.1.0"
    json-stable-stringify-without-jsonify "^1.0.1"
    levn "^0.4.1"
    lodash.merge "^4.6.2"
    minimatch "^3.1.2"
    natural-compare "^1.4.0"
    optionator "^0.9.1"
    regexpp "^3.2.0"
    strip-ansi "^6.0.1"
    strip-json-comments "^3.1.0"
    text-table "^0.2.0"
    v8-compile-cache "^2.0.3"

espree@^9.3.2:
  version "9.3.2"
  resolved "https://registry.yarnpkg.com/espree/-/espree-9.3.2.tgz#f58f77bd334731182801ced3380a8cc859091596"
  dependencies:
    acorn "^8.7.1"
    acorn-jsx "^5.3.2"
    eslint-visitor-keys "^3.3.0"

esquery@^1.4.0:
  version "1.4.0"
  resolved "https://registry.yarnpkg.com/esquery/-/esquery-1.4.0.tgz#2148ffc38b82e8c7057dfed48425b3e61f0f24a5"
  dependencies:
    estraverse "^5.1.0"

esrecurse@^4.3.0:
  version "4.3.0"
  resolved "https://registry.yarnpkg.com/esrecurse/-/esrecurse-4.3.0.tgz#7ad7964d679abb28bee72cec63758b1c5d2c9921"
  dependencies:
    estraverse "^5.2.0"

estraverse@^5.1.0, estraverse@^5.2.0:
  version "5.2.0"
  resolved "https://registry.yarnpkg.com/estraverse/-/estraverse-5.2.0.tgz#307df42547e6cc7324d3cf03c155d5cdb8c53880"

esutils@^2.0.2:
  version "2.0.3"
  resolved "https://registry.yarnpkg.com/esutils/-/esutils-2.0.3.tgz#74d2eb4de0b8da1293711910d50775b9b710ef64"

fast-deep-equal@^3.1.1, fast-deep-equal@^3.1.3:
  version "3.1.3"
  resolved "https://registry.yarnpkg.com/fast-deep-equal/-/fast-deep-equal-3.1.3.tgz#3a7d56b559d6cbc3eb512325244e619a65c6c525"

fast-json-stable-stringify@^2.0.0:
  version "2.1.0"
  resolved "https://registry.yarnpkg.com/fast-json-stable-stringify/-/fast-json-stable-stringify-2.1.0.tgz#874bf69c6f404c2b5d99c481341399fd55892633"

fast-levenshtein@^2.0.6:
  version "2.0.6"
  resolved "https://registry.yarnpkg.com/fast-levenshtein/-/fast-levenshtein-2.0.6.tgz#3d8a5c66883a16a30ca8643e851f19baa7797917"

file-entry-cache@^6.0.1:
  version "6.0.1"
  resolved "https://registry.yarnpkg.com/file-entry-cache/-/file-entry-cache-6.0.1.tgz#211b2dd9659cb0394b073e7323ac3c933d522027"
  dependencies:
    flat-cache "^3.0.4"

fill-range@^7.0.1:
  version "7.0.1"
  resolved "https://registry.yarnpkg.com/fill-range/-/fill-range-7.0.1.tgz#1919a6a7c75fe38b2c7c77e5198535da9acdda40"
  dependencies:
    to-regex-range "^5.0.1"

find-up@5.0.0:
  version "5.0.0"
  resolved "https://registry.yarnpkg.com/find-up/-/find-up-5.0.0.tgz#4c92819ecb7083561e4f4a240a86be5198f536fc"
  dependencies:
    locate-path "^6.0.0"
    path-exists "^4.0.0"

fixturify-project@^4.0.2:
  version "4.0.2"
  resolved "https://registry.yarnpkg.com/fixturify-project/-/fixturify-project-4.0.2.tgz#203b0ad0b9bffe99aff73f0220edaea480a3d7a3"
  dependencies:
    fixturify "^2.1.1"
    resolve-package-path "^3.1.0"
    tmp "^0.0.33"
    type-fest "^2.3.2"
    walk-sync "^3.0.0"

fixturify@^2.1.1:
  version "2.1.1"
  resolved "https://registry.yarnpkg.com/fixturify/-/fixturify-2.1.1.tgz#e962d72f062600cb81a9651086f60d822c72d998"
  dependencies:
    "@types/fs-extra" "^8.1.0"
    "@types/minimatch" "^3.0.3"
    "@types/rimraf" "^2.0.3"
    fs-extra "^8.1.0"
    matcher-collection "^2.0.1"
    walk-sync "^2.0.2"

flat-cache@^3.0.4:
  version "3.0.4"
  resolved "https://registry.yarnpkg.com/flat-cache/-/flat-cache-3.0.4.tgz#61b0338302b2fe9f957dcc32fc2a87f1c3048b11"
  dependencies:
    flatted "^3.1.0"
    rimraf "^3.0.2"

flat@^5.0.2:
  version "5.0.2"
  resolved "https://registry.yarnpkg.com/flat/-/flat-5.0.2.tgz#8ca6fe332069ffa9d324c327198c598259ceb241"

flatted@^3.1.0:
  version "3.1.1"
  resolved "https://registry.yarnpkg.com/flatted/-/flatted-3.1.1.tgz#c4b489e80096d9df1dfc97c79871aea7c617c469"

fs-extra@^8.1.0:
  version "8.1.0"
  resolved "https://registry.yarnpkg.com/fs-extra/-/fs-extra-8.1.0.tgz#49d43c45a88cd9677668cb7be1b46efdb8d2e1c0"
  dependencies:
    graceful-fs "^4.2.0"
    jsonfile "^4.0.0"
    universalify "^0.1.0"

fs.realpath@^1.0.0:
  version "1.0.0"
  resolved "https://registry.yarnpkg.com/fs.realpath/-/fs.realpath-1.0.0.tgz#1504ad2523158caa40db4a2787cb01411994ea4f"

fsevents@~2.3.1:
  version "2.3.2"
  resolved "https://registry.yarnpkg.com/fsevents/-/fsevents-2.3.2.tgz#8a526f78b8fdf4623b709e0b975c52c24c02fd1a"

function-bind@^1.1.1:
  version "1.1.1"
  resolved "https://registry.yarnpkg.com/function-bind/-/function-bind-1.1.1.tgz#a56899d3ea3c9bab874bb9773b7c5ede92f4895d"

functional-red-black-tree@^1.0.1:
  version "1.0.1"
  resolved "https://registry.yarnpkg.com/functional-red-black-tree/-/functional-red-black-tree-1.0.1.tgz#1b0ab3bd553b2a0d6399d29c0e3ea0b252078327"

get-caller-file@^2.0.5:
  version "2.0.5"
  resolved "https://registry.yarnpkg.com/get-caller-file/-/get-caller-file-2.0.5.tgz#4f94412a82db32f36e3b0b9741f8a97feb031f7e"

get-func-name@^2.0.0:
  version "2.0.0"
  resolved "https://registry.yarnpkg.com/get-func-name/-/get-func-name-2.0.0.tgz#ead774abee72e20409433a066366023dd6887a41"

glob-parent@^6.0.1:
  version "6.0.2"
  resolved "https://registry.yarnpkg.com/glob-parent/-/glob-parent-6.0.2.tgz#6d237d99083950c79290f24c7642a3de9a28f9e3"
  dependencies:
    is-glob "^4.0.3"

glob-parent@~5.1.0:
  version "5.1.2"
  resolved "https://registry.yarnpkg.com/glob-parent/-/glob-parent-5.1.2.tgz#869832c58034fe68a4093c17dc15e8340d8401c4"
  dependencies:
    is-glob "^4.0.1"

glob@7.1.6:
  version "7.1.6"
  resolved "https://registry.yarnpkg.com/glob/-/glob-7.1.6.tgz#141f33b81a7c2492e125594307480c46679278a6"
  dependencies:
    fs.realpath "^1.0.0"
    inflight "^1.0.4"
    inherits "2"
    minimatch "^3.0.4"
    once "^1.3.0"
    path-is-absolute "^1.0.0"

glob@^7.1.3:
  version "7.1.7"
  resolved "https://registry.yarnpkg.com/glob/-/glob-7.1.7.tgz#3b193e9233f01d42d0b3f78294bbeeb418f94a90"
  dependencies:
    fs.realpath "^1.0.0"
    inflight "^1.0.4"
    inherits "2"
    minimatch "^3.0.4"
    once "^1.3.0"
    path-is-absolute "^1.0.0"

globals@^13.15.0:
  version "13.16.0"
  resolved "https://registry.yarnpkg.com/globals/-/globals-13.16.0.tgz#9be4aca28f311aaeb974ea54978ebbb5e35ce46a"
  dependencies:
    type-fest "^0.20.2"

graceful-fs@^4.1.6, graceful-fs@^4.2.0:
  version "4.2.6"
  resolved "https://registry.yarnpkg.com/graceful-fs/-/graceful-fs-4.2.6.tgz#ff040b2b0853b23c3d31027523706f1885d76bee"

graphql@^15.6.1:
  version "15.6.1"
  resolved "https://registry.yarnpkg.com/graphql/-/graphql-15.6.1.tgz#9125bdf057553525da251e19e96dab3d3855ddfc"

growl@1.10.5:
  version "1.10.5"
  resolved "https://registry.yarnpkg.com/growl/-/growl-1.10.5.tgz#f2735dc2283674fa67478b10181059355c369e5e"

has-flag@^4.0.0:
  version "4.0.0"
  resolved "https://registry.yarnpkg.com/has-flag/-/has-flag-4.0.0.tgz#944771fd9c81c81265c4d6941860da06bb59479b"

has@^1.0.3:
  version "1.0.3"
  resolved "https://registry.yarnpkg.com/has/-/has-1.0.3.tgz#722d7cbfc1f6aa8241f16dd814e011e1f41e8796"
  dependencies:
    function-bind "^1.1.1"

he@1.2.0:
  version "1.2.0"
  resolved "https://registry.yarnpkg.com/he/-/he-1.2.0.tgz#84ae65fa7eafb165fddb61566ae14baf05664f0f"

ignore@^5.2.0:
  version "5.2.0"
  resolved "https://registry.yarnpkg.com/ignore/-/ignore-5.2.0.tgz#6d3bac8fa7fe0d45d9f9be7bac2fc279577e345a"

import-fresh@^3.0.0, import-fresh@^3.2.1:
  version "3.3.0"
  resolved "https://registry.yarnpkg.com/import-fresh/-/import-fresh-3.3.0.tgz#37162c25fcb9ebaa2e6e53d5b4d88ce17d9e0c2b"
  dependencies:
    parent-module "^1.0.0"
    resolve-from "^4.0.0"

imurmurhash@^0.1.4:
  version "0.1.4"
  resolved "https://registry.yarnpkg.com/imurmurhash/-/imurmurhash-0.1.4.tgz#9218b9b2b928a238b13dc4fb6b6d576f231453ea"

inflight@^1.0.4:
  version "1.0.6"
  resolved "https://registry.yarnpkg.com/inflight/-/inflight-1.0.6.tgz#49bd6331d7d02d0c09bc910a1075ba8165b56df9"
  dependencies:
    once "^1.3.0"
    wrappy "1"

inherits@2:
  version "2.0.4"
  resolved "https://registry.yarnpkg.com/inherits/-/inherits-2.0.4.tgz#0fa2c64f932917c3433a0ded55363aae37416b7c"

is-binary-path@~2.1.0:
  version "2.1.0"
  resolved "https://registry.yarnpkg.com/is-binary-path/-/is-binary-path-2.1.0.tgz#ea1f7f3b80f064236e83470f86c09c254fb45b09"
  dependencies:
    binary-extensions "^2.0.0"

is-core-module@^2.2.0:
  version "2.4.0"
  resolved "https://registry.yarnpkg.com/is-core-module/-/is-core-module-2.4.0.tgz#8e9fc8e15027b011418026e98f0e6f4d86305cc1"
  dependencies:
    has "^1.0.3"

is-extglob@^2.1.1:
  version "2.1.1"
  resolved "https://registry.yarnpkg.com/is-extglob/-/is-extglob-2.1.1.tgz#a88c02535791f02ed37c76a1b9ea9773c833f8c2"

is-fullwidth-code-point@^2.0.0:
  version "2.0.0"
  resolved "https://registry.yarnpkg.com/is-fullwidth-code-point/-/is-fullwidth-code-point-2.0.0.tgz#a3b30a5c4f199183167aaab93beefae3ddfb654f"

is-fullwidth-code-point@^3.0.0:
  version "3.0.0"
  resolved "https://registry.yarnpkg.com/is-fullwidth-code-point/-/is-fullwidth-code-point-3.0.0.tgz#f116f8064fe90b3f7844a38997c0b75051269f1d"

is-glob@^4.0.0, is-glob@^4.0.1, is-glob@^4.0.3, is-glob@~4.0.1:
  version "4.0.3"
  resolved "https://registry.yarnpkg.com/is-glob/-/is-glob-4.0.3.tgz#64f61e42cbbb2eec2071a9dac0b28ba1e65d5084"
  dependencies:
    is-extglob "^2.1.1"

is-number@^7.0.0:
  version "7.0.0"
  resolved "https://registry.yarnpkg.com/is-number/-/is-number-7.0.0.tgz#7535345b896734d5f80c4d06c50955527a14f12b"

is-plain-obj@^2.1.0:
  version "2.1.0"
  resolved "https://registry.yarnpkg.com/is-plain-obj/-/is-plain-obj-2.1.0.tgz#45e42e37fccf1f40da8e5f76ee21515840c09287"

isexe@^2.0.0:
  version "2.0.0"
  resolved "https://registry.yarnpkg.com/isexe/-/isexe-2.0.0.tgz#e8fbf374dc556ff8947a10dcb0572d633f2cfa10"

js-yaml@4.0.0:
  version "4.0.0"
  resolved "https://registry.yarnpkg.com/js-yaml/-/js-yaml-4.0.0.tgz#f426bc0ff4b4051926cd588c71113183409a121f"
  dependencies:
    argparse "^2.0.1"

js-yaml@^4.1.0:
  version "4.1.0"
  resolved "https://registry.yarnpkg.com/js-yaml/-/js-yaml-4.1.0.tgz#c1fb65f8f5017901cdd2c951864ba18458a10602"
  dependencies:
    argparse "^2.0.1"

json-schema-traverse@^0.4.1:
  version "0.4.1"
  resolved "https://registry.yarnpkg.com/json-schema-traverse/-/json-schema-traverse-0.4.1.tgz#69f6a87d9513ab8bb8fe63bdb0979c448e684660"

json-stable-stringify-without-jsonify@^1.0.1:
  version "1.0.1"
  resolved "https://registry.yarnpkg.com/json-stable-stringify-without-jsonify/-/json-stable-stringify-without-jsonify-1.0.1.tgz#9db7b59496ad3f3cfef30a75142d2d930ad72651"

jsonfile@^4.0.0:
  version "4.0.0"
  resolved "https://registry.yarnpkg.com/jsonfile/-/jsonfile-4.0.0.tgz#8771aae0799b64076b76640fca058f9c10e33ecb"
  optionalDependencies:
    graceful-fs "^4.1.6"

levn@^0.4.1:
  version "0.4.1"
  resolved "https://registry.yarnpkg.com/levn/-/levn-0.4.1.tgz#ae4562c007473b932a6200d403268dd2fffc6ade"
  dependencies:
    prelude-ls "^1.2.1"
    type-check "~0.4.0"

locate-path@^6.0.0:
  version "6.0.0"
  resolved "https://registry.yarnpkg.com/locate-path/-/locate-path-6.0.0.tgz#55321eb309febbc59c4801d931a72452a681d286"
  dependencies:
    p-locate "^5.0.0"

lodash.merge@^4.6.2:
  version "4.6.2"
  resolved "https://registry.yarnpkg.com/lodash.merge/-/lodash.merge-4.6.2.tgz#558aa53b43b661e1925a0afdfa36a9a1085fe57a"

log-symbols@4.0.0:
  version "4.0.0"
  resolved "https://registry.yarnpkg.com/log-symbols/-/log-symbols-4.0.0.tgz#69b3cc46d20f448eccdb75ea1fa733d9e821c920"
  dependencies:
    chalk "^4.0.0"

loupe@^2.3.1:
  version "2.3.1"
  resolved "https://registry.yarnpkg.com/loupe/-/loupe-2.3.1.tgz#a2e1192c9f452e4e85089766da10ac8288383947"
  dependencies:
    get-func-name "^2.0.0"

matcher-collection@^2.0.0, matcher-collection@^2.0.1:
  version "2.0.1"
  resolved "https://registry.yarnpkg.com/matcher-collection/-/matcher-collection-2.0.1.tgz#90be1a4cf58d6f2949864f65bb3b0f3e41303b29"
  dependencies:
    "@types/minimatch" "^3.0.3"
    minimatch "^3.0.2"

minimatch@3.0.4:
  version "3.0.4"
  resolved "https://registry.yarnpkg.com/minimatch/-/minimatch-3.0.4.tgz#5166e286457f03306064be5497e8dbb0c3d32083"
  dependencies:
    brace-expansion "^1.1.7"

minimatch@^3.0.2, minimatch@^3.0.4, minimatch@^3.1.2:
  version "3.1.2"
  resolved "https://registry.yarnpkg.com/minimatch/-/minimatch-3.1.2.tgz#19cd194bfd3e428f049a70817c038d89ab4be35b"
  dependencies:
    brace-expansion "^1.1.7"

mocha@^8.1.0:
  version "8.4.0"
  resolved "https://registry.yarnpkg.com/mocha/-/mocha-8.4.0.tgz#677be88bf15980a3cae03a73e10a0fc3997f0cff"
  dependencies:
    "@ungap/promise-all-settled" "1.1.2"
    ansi-colors "4.1.1"
    browser-stdout "1.3.1"
    chokidar "3.5.1"
    debug "4.3.1"
    diff "5.0.0"
    escape-string-regexp "4.0.0"
    find-up "5.0.0"
    glob "7.1.6"
    growl "1.10.5"
    he "1.2.0"
    js-yaml "4.0.0"
    log-symbols "4.0.0"
    minimatch "3.0.4"
    ms "2.1.3"
    nanoid "3.1.20"
    serialize-javascript "5.0.1"
    strip-json-comments "3.1.1"
    supports-color "8.1.1"
    which "2.0.2"
    wide-align "1.1.3"
    workerpool "6.1.0"
    yargs "16.2.0"
    yargs-parser "20.2.4"
    yargs-unparser "2.0.0"

ms@2.1.2:
  version "2.1.2"
  resolved "https://registry.yarnpkg.com/ms/-/ms-2.1.2.tgz#d09d1f357b443f493382a8eb3ccd183872ae6009"

ms@2.1.3:
  version "2.1.3"
  resolved "https://registry.yarnpkg.com/ms/-/ms-2.1.3.tgz#574c8138ce1d2b5861f0b44579dbadd60c6615b2"

nanoid@3.1.20:
  version "3.1.20"
  resolved "https://registry.yarnpkg.com/nanoid/-/nanoid-3.1.20.tgz#badc263c6b1dcf14b71efaa85f6ab4c1d6cfc788"

natural-compare@^1.4.0:
  version "1.4.0"
  resolved "https://registry.yarnpkg.com/natural-compare/-/natural-compare-1.4.0.tgz#4abebfeed7541f2c27acfb29bdbbd15c8d5ba4f7"

normalize-path@^3.0.0, normalize-path@~3.0.0:
  version "3.0.0"
  resolved "https://registry.yarnpkg.com/normalize-path/-/normalize-path-3.0.0.tgz#0dcd69ff23a1c9b11fd0978316644a0388216a65"

once@^1.3.0:
  version "1.4.0"
  resolved "https://registry.yarnpkg.com/once/-/once-1.4.0.tgz#583b1aa775961d4b113ac17d9c50baef9dd76bd1"
  dependencies:
    wrappy "1"

optionator@^0.9.1:
  version "0.9.1"
  resolved "https://registry.yarnpkg.com/optionator/-/optionator-0.9.1.tgz#4f236a6373dae0566a6d43e1326674f50c291499"
  dependencies:
    deep-is "^0.1.3"
    fast-levenshtein "^2.0.6"
    levn "^0.4.1"
    prelude-ls "^1.2.1"
    type-check "^0.4.0"
    word-wrap "^1.2.3"

os-tmpdir@~1.0.2:
  version "1.0.2"
  resolved "https://registry.yarnpkg.com/os-tmpdir/-/os-tmpdir-1.0.2.tgz#bbe67406c79aa85c5cfec766fe5734555dfa1274"

p-limit@^3.0.2:
  version "3.1.0"
  resolved "https://registry.yarnpkg.com/p-limit/-/p-limit-3.1.0.tgz#e1daccbe78d0d1388ca18c64fea38e3e57e3706b"
  dependencies:
    yocto-queue "^0.1.0"

p-locate@^5.0.0:
  version "5.0.0"
  resolved "https://registry.yarnpkg.com/p-locate/-/p-locate-5.0.0.tgz#83c8315c6785005e3bd021839411c9e110e6d834"
  dependencies:
    p-limit "^3.0.2"

parent-module@^1.0.0:
  version "1.0.1"
  resolved "https://registry.yarnpkg.com/parent-module/-/parent-module-1.0.1.tgz#691d2709e78c79fae3a156622452d00762caaaa2"
  dependencies:
    callsites "^3.0.0"

path-exists@^4.0.0:
  version "4.0.0"
  resolved "https://registry.yarnpkg.com/path-exists/-/path-exists-4.0.0.tgz#513bdbe2d3b95d7762e8c1137efa195c6c61b5b3"

path-is-absolute@^1.0.0:
  version "1.0.1"
  resolved "https://registry.yarnpkg.com/path-is-absolute/-/path-is-absolute-1.0.1.tgz#174b9268735534ffbc7ace6bf53a5a9e1b5c5f5f"

path-key@^3.1.0:
  version "3.1.1"
  resolved "https://registry.yarnpkg.com/path-key/-/path-key-3.1.1.tgz#581f6ade658cbba65a0d3380de7753295054f375"

path-parse@^1.0.6:
  version "1.0.7"
  resolved "https://registry.yarnpkg.com/path-parse/-/path-parse-1.0.7.tgz#fbc114b60ca42b30d9daf5858e4bd68bbedb6735"

path-root-regex@^0.1.0:
  version "0.1.2"
  resolved "https://registry.yarnpkg.com/path-root-regex/-/path-root-regex-0.1.2.tgz#bfccdc8df5b12dc52c8b43ec38d18d72c04ba96d"

path-root@^0.1.1:
  version "0.1.1"
  resolved "https://registry.yarnpkg.com/path-root/-/path-root-0.1.1.tgz#9a4a6814cac1c0cd73360a95f32083c8ea4745b7"
  dependencies:
    path-root-regex "^0.1.0"

pathval@^1.1.1:
  version "1.1.1"
  resolved "https://registry.yarnpkg.com/pathval/-/pathval-1.1.1.tgz#8534e77a77ce7ac5a2512ea21e0fdb8fcf6c3d8d"

picomatch@^2.0.4, picomatch@^2.2.1:
  version "2.3.0"
  resolved "https://registry.yarnpkg.com/picomatch/-/picomatch-2.3.0.tgz#f1f061de8f6a4bf022892e2d128234fb98302972"

prelude-ls@^1.2.1:
  version "1.2.1"
  resolved "https://registry.yarnpkg.com/prelude-ls/-/prelude-ls-1.2.1.tgz#debc6489d7a6e6b0e7611888cec880337d316396"

punycode@^2.1.0:
  version "2.1.1"
  resolved "https://registry.yarnpkg.com/punycode/-/punycode-2.1.1.tgz#b58b010ac40c22c5657616c8d2c2c02c7bf479ec"

randombytes@^2.1.0:
  version "2.1.0"
  resolved "https://registry.yarnpkg.com/randombytes/-/randombytes-2.1.0.tgz#df6f84372f0270dc65cdf6291349ab7a473d4f2a"
  dependencies:
    safe-buffer "^5.1.0"

readdirp@~3.5.0:
  version "3.5.0"
  resolved "https://registry.yarnpkg.com/readdirp/-/readdirp-3.5.0.tgz#9ba74c019b15d365278d2e91bb8c48d7b4d42c9e"
  dependencies:
    picomatch "^2.2.1"

regexpp@^3.2.0:
  version "3.2.0"
  resolved "https://registry.yarnpkg.com/regexpp/-/regexpp-3.2.0.tgz#0425a2768d8f23bad70ca4b90461fa2f1213e1b2"

require-directory@^2.1.1:
  version "2.1.1"
  resolved "https://registry.yarnpkg.com/require-directory/-/require-directory-2.1.1.tgz#8c64ad5fd30dab1c976e2344ffe7f792a6a6df42"

resolve-from@^4.0.0:
  version "4.0.0"
  resolved "https://registry.yarnpkg.com/resolve-from/-/resolve-from-4.0.0.tgz#4abcd852ad32dd7baabfe9b40e00a36db5f392e6"

resolve-package-path@^3.1.0:
  version "3.1.0"
  resolved "https://registry.yarnpkg.com/resolve-package-path/-/resolve-package-path-3.1.0.tgz#35faaa5d54a9c7dd481eb7c4b2a44410c9c763d8"
  dependencies:
    path-root "^0.1.1"
    resolve "^1.17.0"

resolve@^1.17.0:
  version "1.20.0"
  resolved "https://registry.yarnpkg.com/resolve/-/resolve-1.20.0.tgz#629a013fb3f70755d6f0b7935cc1c2c5378b1975"
  dependencies:
    is-core-module "^2.2.0"
    path-parse "^1.0.6"

rimraf@^3.0.2:
  version "3.0.2"
  resolved "https://registry.yarnpkg.com/rimraf/-/rimraf-3.0.2.tgz#f1a5402ba6220ad52cc1282bac1ae3aa49fd061a"
  dependencies:
    glob "^7.1.3"

safe-buffer@^5.1.0:
  version "5.2.1"
  resolved "https://registry.yarnpkg.com/safe-buffer/-/safe-buffer-5.2.1.tgz#1eaf9fa9bdb1fdd4ec75f58f9cdb4e6b7827eec6"

serialize-javascript@5.0.1:
  version "5.0.1"
  resolved "https://registry.yarnpkg.com/serialize-javascript/-/serialize-javascript-5.0.1.tgz#7886ec848049a462467a97d3d918ebb2aaf934f4"
  dependencies:
    randombytes "^2.1.0"

shebang-command@^2.0.0:
  version "2.0.0"
  resolved "https://registry.yarnpkg.com/shebang-command/-/shebang-command-2.0.0.tgz#ccd0af4f8835fbdc265b82461aaf0c36663f34ea"
  dependencies:
    shebang-regex "^3.0.0"

shebang-regex@^3.0.0:
  version "3.0.0"
  resolved "https://registry.yarnpkg.com/shebang-regex/-/shebang-regex-3.0.0.tgz#ae16f1644d873ecad843b0307b143362d4c42172"

"string-width@^1.0.2 || 2":
  version "2.1.1"
  resolved "https://registry.yarnpkg.com/string-width/-/string-width-2.1.1.tgz#ab93f27a8dc13d28cac815c462143a6d9012ae9e"
  dependencies:
    is-fullwidth-code-point "^2.0.0"
    strip-ansi "^4.0.0"

string-width@^4.1.0, string-width@^4.2.0:
  version "4.2.2"
  resolved "https://registry.yarnpkg.com/string-width/-/string-width-4.2.2.tgz#dafd4f9559a7585cfba529c6a0a4f73488ebd4c5"
  dependencies:
    emoji-regex "^8.0.0"
    is-fullwidth-code-point "^3.0.0"
    strip-ansi "^6.0.0"

strip-ansi@^4.0.0:
  version "4.0.0"
  resolved "https://registry.yarnpkg.com/strip-ansi/-/strip-ansi-4.0.0.tgz#a8479022eb1ac368a871389b635262c505ee368f"
  dependencies:
    ansi-regex "^3.0.0"

strip-ansi@^6.0.0, strip-ansi@^6.0.1:
  version "6.0.1"
  resolved "https://registry.yarnpkg.com/strip-ansi/-/strip-ansi-6.0.1.tgz#9e26c63d30f53443e9489495b2105d37b67a85d9"
  dependencies:
    ansi-regex "^5.0.1"

strip-json-comments@3.1.1, strip-json-comments@^3.1.0, strip-json-comments@^3.1.1:
  version "3.1.1"
  resolved "https://registry.yarnpkg.com/strip-json-comments/-/strip-json-comments-3.1.1.tgz#31f1281b3832630434831c310c01cccda8cbe006"

supports-color@8.1.1:
  version "8.1.1"
  resolved "https://registry.yarnpkg.com/supports-color/-/supports-color-8.1.1.tgz#cd6fc17e28500cff56c1b86c0a7fd4a54a73005c"
  dependencies:
    has-flag "^4.0.0"

supports-color@^7.1.0:
  version "7.2.0"
  resolved "https://registry.yarnpkg.com/supports-color/-/supports-color-7.2.0.tgz#1b7dcdcb32b8138801b3e478ba6a51caa89648da"
  dependencies:
    has-flag "^4.0.0"

text-table@^0.2.0:
  version "0.2.0"
  resolved "https://registry.yarnpkg.com/text-table/-/text-table-0.2.0.tgz#7f5ee823ae805207c00af2df4a84ec3fcfa570b4"

tmp@^0.0.33:
  version "0.0.33"
  resolved "https://registry.yarnpkg.com/tmp/-/tmp-0.0.33.tgz#6d34335889768d21b2bcda0aa277ced3b1bfadf9"
  dependencies:
    os-tmpdir "~1.0.2"

to-regex-range@^5.0.1:
  version "5.0.1"
  resolved "https://registry.yarnpkg.com/to-regex-range/-/to-regex-range-5.0.1.tgz#1648c44aae7c8d988a326018ed72f5b4dd0392e4"
  dependencies:
    is-number "^7.0.0"

type-check@^0.4.0, type-check@~0.4.0:
  version "0.4.0"
  resolved "https://registry.yarnpkg.com/type-check/-/type-check-0.4.0.tgz#07b8203bfa7056c0657050e3ccd2c37730bab8f1"
  dependencies:
    prelude-ls "^1.2.1"

type-detect@^4.0.0, type-detect@^4.0.5:
  version "4.0.8"
  resolved "https://registry.yarnpkg.com/type-detect/-/type-detect-4.0.8.tgz#7646fb5f18871cfbb7749e69bd39a6388eb7450c"

type-fest@^0.20.2:
  version "0.20.2"
  resolved "https://registry.yarnpkg.com/type-fest/-/type-fest-0.20.2.tgz#1bf207f4b28f91583666cb5fbd327887301cd5f4"

type-fest@^2.3.2:
  version "2.3.4"
  resolved "https://registry.yarnpkg.com/type-fest/-/type-fest-2.3.4.tgz#59bd28c5715a7ea39f8fb0d7e424355ae231a24e"

universalify@^0.1.0:
  version "0.1.2"
  resolved "https://registry.yarnpkg.com/universalify/-/universalify-0.1.2.tgz#b646f69be3942dabcecc9d6639c80dc105efaa66"

uri-js@^4.2.2:
  version "4.4.1"
  resolved "https://registry.yarnpkg.com/uri-js/-/uri-js-4.4.1.tgz#9b1a52595225859e55f669d928f88c6c57f2a77e"
  dependencies:
    punycode "^2.1.0"

v8-compile-cache@^2.0.3:
  version "2.3.0"
  resolved "https://registry.yarnpkg.com/v8-compile-cache/-/v8-compile-cache-2.3.0.tgz#2de19618c66dc247dcfb6f99338035d8245a2cee"

walk-sync@^2.0.2:
  version "2.2.0"
  resolved "https://registry.yarnpkg.com/walk-sync/-/walk-sync-2.2.0.tgz#80786b0657fcc8c0e1c0b1a042a09eae2966387a"
  dependencies:
    "@types/minimatch" "^3.0.3"
    ensure-posix-path "^1.1.0"
    matcher-collection "^2.0.0"
    minimatch "^3.0.4"

walk-sync@^3.0.0:
  version "3.0.0"
  resolved "https://registry.yarnpkg.com/walk-sync/-/walk-sync-3.0.0.tgz#67f882925021e20569a1edd560b8da31da8d171c"
  dependencies:
    "@types/minimatch" "^3.0.4"
    ensure-posix-path "^1.1.0"
    matcher-collection "^2.0.1"
    minimatch "^3.0.4"

which@2.0.2, which@^2.0.1:
  version "2.0.2"
  resolved "https://registry.yarnpkg.com/which/-/which-2.0.2.tgz#7c6a8dd0a636a0327e10b59c9286eee93f3f51b1"
  dependencies:
    isexe "^2.0.0"

wide-align@1.1.3:
  version "1.1.3"
  resolved "https://registry.yarnpkg.com/wide-align/-/wide-align-1.1.3.tgz#ae074e6bdc0c14a431e804e624549c633b000457"
  dependencies:
    string-width "^1.0.2 || 2"

word-wrap@^1.2.3:
  version "1.2.3"
  resolved "https://registry.yarnpkg.com/word-wrap/-/word-wrap-1.2.3.tgz#610636f6b1f703891bd34771ccb17fb93b47079c"

workerpool@6.1.0:
  version "6.1.0"
  resolved "https://registry.yarnpkg.com/workerpool/-/workerpool-6.1.0.tgz#a8e038b4c94569596852de7a8ea4228eefdeb37b"

wrap-ansi@^7.0.0:
  version "7.0.0"
  resolved "https://registry.yarnpkg.com/wrap-ansi/-/wrap-ansi-7.0.0.tgz#67e145cff510a6a6984bdf1152911d69d2eb9e43"
  dependencies:
    ansi-styles "^4.0.0"
    string-width "^4.1.0"
    strip-ansi "^6.0.0"

wrappy@1:
  version "1.0.2"
  resolved "https://registry.yarnpkg.com/wrappy/-/wrappy-1.0.2.tgz#b5243d8f3ec1aa35f1364605bc0d1036e30ab69f"

y18n@^5.0.5:
  version "5.0.8"
  resolved "https://registry.yarnpkg.com/y18n/-/y18n-5.0.8.tgz#7f4934d0f7ca8c56f95314939ddcd2dd91ce1d55"

yargs-parser@20.2.4:
  version "20.2.4"
  resolved "https://registry.yarnpkg.com/yargs-parser/-/yargs-parser-20.2.4.tgz#b42890f14566796f85ae8e3a25290d205f154a54"

yargs-parser@^20.2.2:
  version "20.2.7"
  resolved "https://registry.yarnpkg.com/yargs-parser/-/yargs-parser-20.2.7.tgz#61df85c113edfb5a7a4e36eb8aa60ef423cbc90a"

yargs-unparser@2.0.0:
  version "2.0.0"
  resolved "https://registry.yarnpkg.com/yargs-unparser/-/yargs-unparser-2.0.0.tgz#f131f9226911ae5d9ad38c432fe809366c2325eb"
  dependencies:
    camelcase "^6.0.0"
    decamelize "^4.0.0"
    flat "^5.0.2"
    is-plain-obj "^2.1.0"

yargs@16.2.0:
  version "16.2.0"
  resolved "https://registry.yarnpkg.com/yargs/-/yargs-16.2.0.tgz#1c82bf0f6b6a66eafce7ef30e376f49a12477f66"
  dependencies:
    cliui "^7.0.2"
    escalade "^3.1.1"
    get-caller-file "^2.0.5"
    require-directory "^2.1.1"
    string-width "^4.2.0"
    y18n "^5.0.5"
    yargs-parser "^20.2.2"

yocto-queue@^0.1.0:
  version "0.1.0"
  resolved "https://registry.yarnpkg.com/yocto-queue/-/yocto-queue-0.1.0.tgz#0294eb3dee05028d31ee1a5fa2c556a6aaf10a1b"
